
Microsoft Visual Studio Solution File, Format Version 12.00
# Visual Studio Version 16
VisualStudioVersion = 16.0.30011.22
MinimumVisualStudioVersion = 10.0.40219.1
Project("{FAE04EC0-301F-11D3-BF4B-00C04F79EFBC}") = "JxtHtmlControls", "JxtHtmlControls\JxtHtmlControls.csproj", "{280C7983-DE18-475D-BE66-BE72D3D15856}"
EndProject
Global
	GlobalSection(SolutionConfigurationPlatforms) = preSolution
		Debug|Any CPU = Debug|Any CPU
		Release|Any CPU = Release|Any CPU
	EndGlobalSection
	GlobalSection(ProjectConfigurationPlatforms) = postSolution
		{280C7983-DE18-475D-BE66-BE72D3D15856}.Debug|Any CPU.ActiveCfg = Debug|Any CPU
		{280C7983-DE18-475D-BE66-BE72D3D15856}.Debug|Any CPU.Build.0 = Debug|Any CPU
		{280C7983-DE18-475D-BE66-BE72D3D15856}.Release|Any CPU.ActiveCfg = Release|Any CPU
		{280C7983-DE18-475D-BE66-BE72D3D15856}.Release|Any CPU.Build.0 = Release|Any CPU
	EndGlobalSection
	GlobalSection(SolutionProperties) = preSolution
		HideSolutionNode = FALSE
	EndGlobalSection
	GlobalSection(ExtensibilityGlobals) = postSolution
		SolutionGuid = {FF87339E-AF21-4A49-8F05-D423EDD131A7}
	EndGlobalSection
EndGlobal
